
Microsoft Visual Studio Solution File, Format Version 12.00
Project("{FAE04EC0-301F-11D3-BF4B-00C04F79EFBC}") = "FamilyFix", "FamilyFix\FamilyFix.csproj", "{68AFA46B-54C6-491C-A94F-28E365029A2B}"
EndProject
Global
	GlobalSection(SolutionConfigurationPlatforms) = preSolution
		Debug|Any CPU = Debug|Any CPU
		Release|Any CPU = Release|Any CPU
	EndGlobalSection
	GlobalSection(ProjectConfigurationPlatforms) = postSolution
		{68AFA46B-54C6-491C-A94F-28E365029A2B}.Debug|Any CPU.ActiveCfg = Debug|Any CPU
		{68AFA46B-54C6-491C-A94F-28E365029A2B}.Debug|Any CPU.Build.0 = Debug|Any CPU
		{68AFA46B-54C6-491C-A94F-28E365029A2B}.Release|Any CPU.ActiveCfg = Release|Any CPU
		{68AFA46B-54C6-491C-A94F-28E365029A2B}.Release|Any CPU.Build.0 = Release|Any CPU
	EndGlobalSection
EndGlobal
